
Microsoft Visual Studio Solution File, Format Version 12.00
# Visual Studio 15
VisualStudioVersion = 15.0.28010.2046
MinimumVisualStudioVersion = 10.0.40219.1
Project("{FAE04EC0-301F-11D3-BF4B-00C04F79EFBC}") = "Diamond Miner", "Diamond Miner\Diamond Miner.csproj", "{3CBE95D9-EDE6-4125-8681-1C04AFB7D069}"
EndProject
Global
	GlobalSection(SolutionConfigurationPlatforms) = preSolution
		Debug|Any CPU = Debug|Any CPU
		Release|Any CPU = Release|Any CPU
	EndGlobalSection
	GlobalSection(ProjectConfigurationPlatforms) = postSolution
		{3CBE95D9-EDE6-4125-8681-1C04AFB7D069}.Debug|Any CPU.ActiveCfg = Debug|Any CPU
		{3CBE95D9-EDE6-4125-8681-1C04AFB7D069}.Debug|Any CPU.Build.0 = Debug|Any CPU
		{3CBE95D9-EDE6-4125-8681-1C04AFB7D069}.Release|Any CPU.ActiveCfg = Release|Any CPU
		{3CBE95D9-EDE6-4125-8681-1C04AFB7D069}.Release|Any CPU.Build.0 = Release|Any CPU
	EndGlobalSection
	GlobalSection(SolutionProperties) = preSolution
		HideSolutionNode = FALSE
	EndGlobalSection
	GlobalSection(ExtensibilityGlobals) = postSolution
		SolutionGuid = {A2C5671F-1FFC-4472-9CC5-F93D7735D8E3}
	EndGlobalSection
EndGlobal
